
Microsoft Visual Studio Solution File, Format Version 12.00
# Visual Studio Version 17
VisualStudioVersion = 17.4.33110.190
MinimumVisualStudioVersion = 10.0.40219.1
Project("{9A19103F-16F7-4668-BE54-9A1E7A4F7556}") = "Day1_CalorieCounting", "puzzles\Day1_CalorieCounting\Day1_CalorieCounting.csproj", "{9FE8FE12-4BE9-40C6-A057-C1ECF2AAD669}"
EndProject
Project("{9A19103F-16F7-4668-BE54-9A1E7A4F7556}") = "Day2_RockPaperScissors", "puzzles\Day2_RockPaperScissors\Day2_RockPaperScissors.csproj", "{54A31379-857A-4AE0-B6EC-97982764DF02}"
EndProject
Project("{9A19103F-16F7-4668-BE54-9A1E7A4F7556}") = "Day3_RucksackReorganization", "puzzles\Day3_RucksackReorganization\Day3_RucksackReorganization.csproj", "{EAE89B29-04EB-4B8C-81E1-F99148D5C4F7}"
EndProject
Project("{9A19103F-16F7-4668-BE54-9A1E7A4F7556}") = "Day4_CampCleanup", "puzzles\Day4_CampCleanup\Day4_CampCleanup.csproj", "{926B28D8-66A1-425C-AF0C-B476CEE2041E}"
EndProject
Project("{FAE04EC0-301F-11D3-BF4B-00C04F79EFBC}") = "Day5_SupplyStacks", "puzzles\Day5_SupplyStacks\Day5_SupplyStacks.csproj", "{7CBFEAA7-77D6-4F2D-91D4-C2AD8850859D}"
EndProject
Global
	GlobalSection(SolutionConfigurationPlatforms) = preSolution
		Debug|Any CPU = Debug|Any CPU
		Release|Any CPU = Release|Any CPU
	EndGlobalSection
	GlobalSection(ProjectConfigurationPlatforms) = postSolution
		{9FE8FE12-4BE9-40C6-A057-C1ECF2AAD669}.Debug|Any CPU.ActiveCfg = Debug|Any CPU
		{9FE8FE12-4BE9-40C6-A057-C1ECF2AAD669}.Debug|Any CPU.Build.0 = Debug|Any CPU
		{9FE8FE12-4BE9-40C6-A057-C1ECF2AAD669}.Release|Any CPU.ActiveCfg = Release|Any CPU
		{9FE8FE12-4BE9-40C6-A057-C1ECF2AAD669}.Release|Any CPU.Build.0 = Release|Any CPU
		{54A31379-857A-4AE0-B6EC-97982764DF02}.Debug|Any CPU.ActiveCfg = Debug|Any CPU
		{54A31379-857A-4AE0-B6EC-97982764DF02}.Debug|Any CPU.Build.0 = Debug|Any CPU
		{54A31379-857A-4AE0-B6EC-97982764DF02}.Release|Any CPU.ActiveCfg = Release|Any CPU
		{54A31379-857A-4AE0-B6EC-97982764DF02}.Release|Any CPU.Build.0 = Release|Any CPU
		{EAE89B29-04EB-4B8C-81E1-F99148D5C4F7}.Debug|Any CPU.ActiveCfg = Debug|Any CPU
		{EAE89B29-04EB-4B8C-81E1-F99148D5C4F7}.Debug|Any CPU.Build.0 = Debug|Any CPU
		{EAE89B29-04EB-4B8C-81E1-F99148D5C4F7}.Release|Any CPU.ActiveCfg = Release|Any CPU
		{EAE89B29-04EB-4B8C-81E1-F99148D5C4F7}.Release|Any CPU.Build.0 = Release|Any CPU
		{926B28D8-66A1-425C-AF0C-B476CEE2041E}.Debug|Any CPU.ActiveCfg = Debug|Any CPU
		{926B28D8-66A1-425C-AF0C-B476CEE2041E}.Debug|Any CPU.Build.0 = Debug|Any CPU
		{926B28D8-66A1-425C-AF0C-B476CEE2041E}.Release|Any CPU.ActiveCfg = Release|Any CPU
		{926B28D8-66A1-425C-AF0C-B476CEE2041E}.Release|Any CPU.Build.0 = Release|Any CPU
		{7CBFEAA7-77D6-4F2D-91D4-C2AD8850859D}.Debug|Any CPU.ActiveCfg = Debug|Any CPU
		{7CBFEAA7-77D6-4F2D-91D4-C2AD8850859D}.Debug|Any CPU.Build.0 = Debug|Any CPU
		{7CBFEAA7-77D6-4F2D-91D4-C2AD8850859D}.Release|Any CPU.ActiveCfg = Release|Any CPU
		{7CBFEAA7-77D6-4F2D-91D4-C2AD8850859D}.Release|Any CPU.Build.0 = Release|Any CPU
	EndGlobalSection
	GlobalSection(SolutionProperties) = preSolution
		HideSolutionNode = FALSE
	EndGlobalSection
	GlobalSection(ExtensibilityGlobals) = postSolution
		SolutionGuid = {8CCEE1F9-1CB4-41DB-8D29-44269A367BCF}
	EndGlobalSection
EndGlobal
